
Microsoft Visual Studio Solution File, Format Version 12.00
# Visual Studio Version 17
VisualStudioVersion = 17.13.35828.75 d17.13
MinimumVisualStudioVersion = 10.0.40219.1
Project("{FAE04EC0-301F-11D3-BF4B-00C04F79EFBC}") = "mike_notepads_app", "mike_notepads_app\mike_notepads_app.csproj", "{1F55DD1D-8B62-499C-B6D8-4003AEDC484B}"
EndProject
Global
	GlobalSection(SolutionConfigurationPlatforms) = preSolution
		Debug|Any CPU = Debug|Any CPU
		Release|Any CPU = Release|Any CPU
	EndGlobalSection
	GlobalSection(ProjectConfigurationPlatforms) = postSolution
		{1F55DD1D-8B62-499C-B6D8-4003AEDC484B}.Debug|Any CPU.ActiveCfg = Debug|Any CPU
		{1F55DD1D-8B62-499C-B6D8-4003AEDC484B}.Debug|Any CPU.Build.0 = Debug|Any CPU
		{1F55DD1D-8B62-499C-B6D8-4003AEDC484B}.Release|Any CPU.ActiveCfg = Release|Any CPU
		{1F55DD1D-8B62-499C-B6D8-4003AEDC484B}.Release|Any CPU.Build.0 = Release|Any CPU
	EndGlobalSection
	GlobalSection(SolutionProperties) = preSolution
		HideSolutionNode = FALSE
	EndGlobalSection
	GlobalSection(ExtensibilityGlobals) = postSolution
		SolutionGuid = {5CADB39D-D635-4E22-A14E-95D0884DC11C}
	EndGlobalSection
EndGlobal
